// !$*UTF8*$!
{
	archiveVersion = 1;
	classes = {
	};
	objectVersion = 46;
	objects = {

/* Begin PBXBuildFile section */
		410164BC2290BE7194BA70E6 /* Pods_SideMenuAndSegmentedControl.framework in Frameworks */ = {isa = PBXBuildFile; fileRef = 98252B889F54087B5438BE2C /* Pods_SideMenuAndSegmentedControl.framework */; };
		B82B99621F0531CC00A82215 /* AppDelegate.swift in Sources */ = {isa = PBXBuildFile; fileRef = B82B99611F0531CC00A82215 /* AppDelegate.swift */; };
		B82B99641F0531CC00A82215 /* BookListViewController.swift in Sources */ = {isa = PBXBuildFile; fileRef = B82B99631F0531CC00A82215 /* BookListViewController.swift */; };
		B82B99671F0531CC00A82215 /* Main.storyboard in Resources */ = {isa = PBXBuildFile; fileRef = B82B99651F0531CC00A82215 /* Main.storyboard */; };
		B82B99691F0531CC00A82215 /* Assets.xcassets in Resources */ = {isa = PBXBuildFile; fileRef = B82B99681F0531CC00A82215 /* Assets.xcassets */; };
		B82B996C1F0531CD00A82215 /* LaunchScreen.storyboard in Resources */ = {isa = PBXBuildFile; fileRef = B82B996A1F0531CC00A82215 /* LaunchScreen.storyboard */; };
		B82B99771F0531CD00A82215 /* SideMenuAndSegmentedControlTests.swift in Sources */ = {isa = PBXBuildFile; fileRef = B82B99761F0531CD00A82215 /* SideMenuAndSegmentedControlTests.swift */; };
		B86AACD31F067983009A9570 /* BookItemTableViewCell.swift in Sources */ = {isa = PBXBuildFile; fileRef = B86AACD21F067983009A9570 /* BookItemTableViewCell.swift */; };
		B86AACD51F07A7B3009A9570 /* Book.swift in Sources */ = {isa = PBXBuildFile; fileRef = B86AACD41F07A7B3009A9570 /* Book.swift */; };
		B86AACDB1F07AC55009A9570 /* Constants.swift in Sources */ = {isa = PBXBuildFile; fileRef = B86AACDA1F07AC55009A9570 /* Constants.swift */; };
		B86AACDD1F07CFEE009A9570 /* bookList.json in Resources */ = {isa = PBXBuildFile; fileRef = B86AACDC1F07CFEE009A9570 /* bookList.json */; };
		B87CAD6F1F0935400092A3A4 /* SideMenuViewController.swift in Sources */ = {isa = PBXBuildFile; fileRef = B87CAD6E1F0935400092A3A4 /* SideMenuViewController.swift */; };
		B87CAD711F093CC10092A3A4 /* MainViewController.swift in Sources */ = {isa = PBXBuildFile; fileRef = B87CAD701F093CC10092A3A4 /* MainViewController.swift */; };
		B87CAD731F094CAB0092A3A4 /* SideMenuTableViewCell.swift in Sources */ = {isa = PBXBuildFile; fileRef = B87CAD721F094CAB0092A3A4 /* SideMenuTableViewCell.swift */; };
		B87CAD7A1F0A6EEE0092A3A4 /* SearchBookViewController.swift in Sources */ = {isa = PBXBuildFile; fileRef = B87CAD791F0A6EEE0092A3A4 /* SearchBookViewController.swift */; };
/* End PBXBuildFile section */

/* Begin PBXContainerItemProxy section */
		B82B99731F0531CD00A82215 /* PBXContainerItemProxy */ = {
			isa = PBXContainerItemProxy;
			containerPortal = B82B99561F0531CC00A82215 /* Project object */;
			proxyType = 1;
			remoteGlobalIDString = B82B995D1F0531CC00A82215;
			remoteInfo = SideMenuAndSegmentedControl;
		};
/* End PBXContainerItemProxy section */

/* Begin PBXFileReference section */
		635BF6010AC2F521A3AF1006 /* Pods-SideMenuAndSegmentedControl.debug.xcconfig */ = {isa = PBXFileReference; includeInIndex = 1; lastKnownFileType = text.xcconfig; name = "Pods-SideMenuAndSegmentedControl.debug.xcconfig"; path = "Pods/Target Support Files/Pods-SideMenuAndSegmentedControl/Pods-SideMenuAndSegmentedControl.debug.xcconfig"; sourceTree = "<group>"; };
		849F498A187CCFD5E81546E1 /* Pods-SideMenuAndSegmentedControl.release.xcconfig */ = {isa = PBXFileReference; includeInIndex = 1; lastKnownFileType = text.xcconfig; name = "Pods-SideMenuAndSegmentedControl.release.xcconfig"; path = "Pods/Target Support Files/Pods-SideMenuAndSegmentedControl/Pods-SideMenuAndSegmentedControl.release.xcconfig"; sourceTree = "<group>"; };
		98252B889F54087B5438BE2C /* Pods_SideMenuAndSegmentedControl.framework */ = {isa = PBXFileReference; explicitFileType = wrapper.framework; includeInIndex = 0; path = Pods_SideMenuAndSegmentedControl.framework; sourceTree = BUILT_PRODUCTS_DIR; };
		B82B995E1F0531CC00A82215 /* SideMenuAndSegmentedControl.app */ = {isa = PBXFileReference; explicitFileType = wrapper.application; includeInIndex = 0; path = SideMenuAndSegmentedControl.app; sourceTree = BUILT_PRODUCTS_DIR; };
		B82B99611F0531CC00A82215 /* AppDelegate.swift */ = {isa = PBXFileReference; lastKnownFileType = sourcecode.swift; path = AppDelegate.swift; sourceTree = "<group>"; };
		B82B99631F0531CC00A82215 /* BookListViewController.swift */ = {isa = PBXFileReference; lastKnownFileType = sourcecode.swift; path = BookListViewController.swift; sourceTree = "<group>"; };
		B82B99661F0531CC00A82215 /* Base */ = {isa = PBXFileReference; lastKnownFileType = file.storyboard; name = Base; path = Base.lproj/Main.storyboard; sourceTree = "<group>"; };
		B82B99681F0531CC00A82215 /* Assets.xcassets */ = {isa = PBXFileReference; lastKnownFileType = folder.assetcatalog; path = Assets.xcassets; sourceTree = "<group>"; };
		B82B996B1F0531CC00A82215 /* Base */ = {isa = PBXFileReference; lastKnownFileType = file.storyboard; name = Base; path = Base.lproj/LaunchScreen.storyboard; sourceTree = "<group>"; };
		B82B996D1F0531CD00A82215 /* Info.plist */ = {isa = PBXFileReference; lastKnownFileType = text.plist.xml; path = Info.plist; sourceTree = "<group>"; };
		B82B99721F0531CD00A82215 /* SideMenuAndSegmentedControlTests.xctest */ = {isa = PBXFileReference; explicitFileType = wrapper.cfbundle; includeInIndex = 0; path = SideMenuAndSegmentedControlTests.xctest; sourceTree = BUILT_PRODUCTS_DIR; };
		B82B99761F0531CD00A82215 /* SideMenuAndSegmentedControlTests.swift */ = {isa = PBXFileReference; lastKnownFileType = sourcecode.swift; path = SideMenuAndSegmentedControlTests.swift; sourceTree = "<group>"; };
		B82B99781F0531CD00A82215 /* Info.plist */ = {isa = PBXFileReference; lastKnownFileType = text.plist.xml; path = Info.plist; sourceTree = "<group>"; };
		B86AACD21F067983009A9570 /* BookItemTableViewCell.swift */ = {isa = PBXFileReference; fileEncoding = 4; lastKnownFileType = sourcecode.swift; path = BookItemTableViewCell.swift; sourceTree = "<group>"; };
		B86AACD41F07A7B3009A9570 /* Book.swift */ = {isa = PBXFileReference; fileEncoding = 4; lastKnownFileType = sourcecode.swift; path = Book.swift; sourceTree = "<group>"; };
		B86AACDA1F07AC55009A9570 /* Constants.swift */ = {isa = PBXFileReference; fileEncoding = 4; lastKnownFileType = sourcecode.swift; path = Constants.swift; sourceTree = "<group>"; };
		B86AACDC1F07CFEE009A9570 /* bookList.json */ = {isa = PBXFileReference; fileEncoding = 4; lastKnownFileType = text.json; path = bookList.json; sourceTree = "<group>"; };
		B87CAD6E1F0935400092A3A4 /* SideMenuViewController.swift */ = {isa = PBXFileReference; fileEncoding = 4; lastKnownFileType = sourcecode.swift; path = SideMenuViewController.swift; sourceTree = "<group>"; };
		B87CAD701F093CC10092A3A4 /* MainViewController.swift */ = {isa = PBXFileReference; fileEncoding = 4; lastKnownFileType = sourcecode.swift; path = MainViewController.swift; sourceTree = "<group>"; };
		B87CAD721F094CAB0092A3A4 /* SideMenuTableViewCell.swift */ = {isa = PBXFileReference; fileEncoding = 4; lastKnownFileType = sourcecode.swift; path = SideMenuTableViewCell.swift; sourceTree = "<group>"; };
		B87CAD791F0A6EEE0092A3A4 /* SearchBookViewController.swift */ = {isa = PBXFileReference; fileEncoding = 4; lastKnownFileType = sourcecode.swift; path = SearchBookViewController.swift; sourceTree = "<group>"; };
/* End PBXFileReference section */

/* Begin PBXFrameworksBuildPhase section */
		B82B995B1F0531CC00A82215 /* Frameworks */ = {
			isa = PBXFrameworksBuildPhase;
			buildActionMask = 2147483647;
			files = (
				410164BC2290BE7194BA70E6 /* Pods_SideMenuAndSegmentedControl.framework in Frameworks */,
			);
			runOnlyForDeploymentPostprocessing = 0;
		};
		B82B996F1F0531CD00A82215 /* Frameworks */ = {
			isa = PBXFrameworksBuildPhase;
			buildActionMask = 2147483647;
			files = (
			);
			runOnlyForDeploymentPostprocessing = 0;
		};
/* End PBXFrameworksBuildPhase section */

/* Begin PBXGroup section */
		286153E211362E89DBE40ABC /* Frameworks */ = {
			isa = PBXGroup;
			children = (
				98252B889F54087B5438BE2C /* Pods_SideMenuAndSegmentedControl.framework */,
			);
			name = Frameworks;
			sourceTree = "<group>";
		};
		B3FE6FF40D5705CC3953EEBE /* Pods */ = {
			isa = PBXGroup;
			children = (
				635BF6010AC2F521A3AF1006 /* Pods-SideMenuAndSegmentedControl.debug.xcconfig */,
				849F498A187CCFD5E81546E1 /* Pods-SideMenuAndSegmentedControl.release.xcconfig */,
			);
			name = Pods;
			sourceTree = "<group>";
		};
		B82B99551F0531CC00A82215 = {
			isa = PBXGroup;
			children = (
				B82B99601F0531CC00A82215 /* SideMenuAndSegmentedControl */,
				B82B99751F0531CD00A82215 /* SideMenuAndSegmentedControlTests */,
				B82B995F1F0531CC00A82215 /* Products */,
				B3FE6FF40D5705CC3953EEBE /* Pods */,
				286153E211362E89DBE40ABC /* Frameworks */,
			);
			sourceTree = "<group>";
		};
		B82B995F1F0531CC00A82215 /* Products */ = {
			isa = PBXGroup;
			children = (
				B82B995E1F0531CC00A82215 /* SideMenuAndSegmentedControl.app */,
				B82B99721F0531CD00A82215 /* SideMenuAndSegmentedControlTests.xctest */,
			);
			name = Products;
			sourceTree = "<group>";
		};
		B82B99601F0531CC00A82215 /* SideMenuAndSegmentedControl */ = {
			isa = PBXGroup;
			children = (
				B82B99651F0531CC00A82215 /* Main.storyboard */,
				B87CAD6D1F09009F0092A3A4 /* Constant */,
				B86AACD81F07AAD1009A9570 /* Controller */,
				B86AACD71F07AACB009A9570 /* View */,
				B86AACD61F07AAC0009A9570 /* Model */,
				B86AACD91F07AAEE009A9570 /* Supporting Files */,
			);
			path = SideMenuAndSegmentedControl;
			sourceTree = "<group>";
		};
		B82B99751F0531CD00A82215 /* SideMenuAndSegmentedControlTests */ = {
			isa = PBXGroup;
			children = (
				B82B99761F0531CD00A82215 /* SideMenuAndSegmentedControlTests.swift */,
				B82B99781F0531CD00A82215 /* Info.plist */,
			);
			path = SideMenuAndSegmentedControlTests;
			sourceTree = "<group>";
		};
		B86AACD61F07AAC0009A9570 /* Model */ = {
			isa = PBXGroup;
			children = (
				B86AACD41F07A7B3009A9570 /* Book.swift */,
			);
			name = Model;
			sourceTree = "<group>";
		};
		B86AACD71F07AACB009A9570 /* View */ = {
			isa = PBXGroup;
			children = (
				B86AACD21F067983009A9570 /* BookItemTableViewCell.swift */,
				B87CAD721F094CAB0092A3A4 /* SideMenuTableViewCell.swift */,
			);
			name = View;
			sourceTree = "<group>";
		};
		B86AACD81F07AAD1009A9570 /* Controller */ = {
			isa = PBXGroup;
			children = (
				B82B99631F0531CC00A82215 /* BookListViewController.swift */,
				B87CAD6E1F0935400092A3A4 /* SideMenuViewController.swift */,
				B87CAD701F093CC10092A3A4 /* MainViewController.swift */,
				B87CAD791F0A6EEE0092A3A4 /* SearchBookViewController.swift */,
			);
			name = Controller;
			sourceTree = "<group>";
		};
		B86AACD91F07AAEE009A9570 /* Supporting Files */ = {
			isa = PBXGroup;
			children = (
				B86AACDC1F07CFEE009A9570 /* bookList.json */,
				B82B99611F0531CC00A82215 /* AppDelegate.swift */,
				B82B99681F0531CC00A82215 /* Assets.xcassets */,
				B82B996A1F0531CC00A82215 /* LaunchScreen.storyboard */,
				B82B996D1F0531CD00A82215 /* Info.plist */,
			);
			name = "Supporting Files";
			sourceTree = "<group>";
		};
		B87CAD6D1F09009F0092A3A4 /* Constant */ = {
			isa = PBXGroup;
			children = (
				B86AACDA1F07AC55009A9570 /* Constants.swift */,
			);
			name = Constant;
			sourceTree = "<group>";
		};
/* End PBXGroup section */

/* Begin PBXNativeTarget section */
		B82B995D1F0531CC00A82215 /* SideMenuAndSegmentedControl */ = {
			isa = PBXNativeTarget;
			buildConfigurationList = B82B997B1F0531CD00A82215 /* Build configuration list for PBXNativeTarget "SideMenuAndSegmentedControl" */;
			buildPhases = (
				880DE9C4308C26BE2E2C2DC1 /* [CP] Check Pods Manifest.lock */,
				B82B995A1F0531CC00A82215 /* Sources */,
				B82B995B1F0531CC00A82215 /* Frameworks */,
				B82B995C1F0531CC00A82215 /* Resources */,
				A9DBCBB9CB108A8B5E12CB26 /* [CP] Embed Pods Frameworks */,
				E6F9A509F9749909113764A4 /* [CP] Copy Pods Resources */,
			);
			buildRules = (
			);
			dependencies = (
			);
			name = SideMenuAndSegmentedControl;
			productName = SideMenuAndSegmentedControl;
			productReference = B82B995E1F0531CC00A82215 /* SideMenuAndSegmentedControl.app */;
			productType = "com.apple.product-type.application";
		};
		B82B99711F0531CD00A82215 /* SideMenuAndSegmentedControlTests */ = {
			isa = PBXNativeTarget;
			buildConfigurationList = B82B997E1F0531CD00A82215 /* Build configuration list for PBXNativeTarget "SideMenuAndSegmentedControlTests" */;
			buildPhases = (
				B82B996E1F0531CD00A82215 /* Sources */,
				B82B996F1F0531CD00A82215 /* Frameworks */,
				B82B99701F0531CD00A82215 /* Resources */,
			);
			buildRules = (
			);
			dependencies = (
				B82B99741F0531CD00A82215 /* PBXTargetDependency */,
			);
			name = SideMenuAndSegmentedControlTests;
			productName = SideMenuAndSegmentedControlTests;
			productReference = B82B99721F0531CD00A82215 /* SideMenuAndSegmentedControlTests.xctest */;
			productType = "com.apple.product-type.bundle.unit-test";
		};
/* End PBXNativeTarget section */

/* Begin PBXProject section */
		B82B99561F0531CC00A82215 /* Project object */ = {
			isa = PBXProject;
			attributes = {
				LastSwiftUpdateCheck = 0820;
				LastUpgradeCheck = 0820;
				ORGANIZATIONNAME = siwook;
				TargetAttributes = {
					B82B995D1F0531CC00A82215 = {
						CreatedOnToolsVersion = 8.2.1;
						DevelopmentTeam = MFYH4C9VNG;
						ProvisioningStyle = Automatic;
					};
					B82B99711F0531CD00A82215 = {
						CreatedOnToolsVersion = 8.2.1;
						DevelopmentTeam = MFYH4C9VNG;
						ProvisioningStyle = Automatic;
						TestTargetID = B82B995D1F0531CC00A82215;
					};
				};
			};
			buildConfigurationList = B82B99591F0531CC00A82215 /* Build configuration list for PBXProject "SideMenuAndSegmentedControl" */;
			compatibilityVersion = "Xcode 3.2";
			developmentRegion = English;
			hasScannedForEncodings = 0;
			knownRegions = (
				en,
				Base,
			);
			mainGroup = B82B99551F0531CC00A82215;
			productRefGroup = B82B995F1F0531CC00A82215 /* Products */;
			projectDirPath = "";
			projectRoot = "";
			targets = (
				B82B995D1F0531CC00A82215 /* SideMenuAndSegmentedControl */,
				B82B99711F0531CD00A82215 /* SideMenuAndSegmentedControlTests */,
			);
		};
/* End PBXProject section */

/* Begin PBXResourcesBuildPhase section */
		B82B995C1F0531CC00A82215 /* Resources */ = {
			isa = PBXResourcesBuildPhase;
			buildActionMask = 2147483647;
			files = (
				B86AACDD1F07CFEE009A9570 /* bookList.json in Resources */,
				B82B996C1F0531CD00A82215 /* LaunchScreen.storyboard in Resources */,
				B82B99691F0531CC00A82215 /* Assets.xcassets in Resources */,
				B82B99671F0531CC00A82215 /* Main.storyboard in Resources */,
			);
			runOnlyForDeploymentPostprocessing = 0;
		};
		B82B99701F0531CD00A82215 /* Resources */ = {
			isa = PBXResourcesBuildPhase;
			buildActionMask = 2147483647;
			files = (
			);
			runOnlyForDeploymentPostprocessing = 0;
		};
/* End PBXResourcesBuildPhase section */

/* Begin PBXShellScriptBuildPhase section */
		880DE9C4308C26BE2E2C2DC1 /* [CP] Check Pods Manifest.lock */ = {
			isa = PBXShellScriptBuildPhase;
			buildActionMask = 2147483647;
			files = (
			);
			inputPaths = (
			);
			name = "[CP] Check Pods Manifest.lock";
			outputPaths = (
			);
			runOnlyForDeploymentPostprocessing = 0;
			shellPath = /bin/sh;
			shellScript = "diff \"${PODS_ROOT}/../Podfile.lock\" \"${PODS_ROOT}/Manifest.lock\" > /dev/null\nif [ $? != 0 ] ; then\n    # print error to STDERR\n    echo \"error: The sandbox is not in sync with the Podfile.lock. Run 'pod install' or update your CocoaPods installation.\" >&2\n    exit 1\nfi\n";
			showEnvVarsInLog = 0;
		};
		A9DBCBB9CB108A8B5E12CB26 /* [CP] Embed Pods Frameworks */ = {
			isa = PBXShellScriptBuildPhase;
			buildActionMask = 2147483647;
			files = (
			);
			inputPaths = (
			);
			name = "[CP] Embed Pods Frameworks";
			outputPaths = (
			);
			runOnlyForDeploymentPostprocessing = 0;
			shellPath = /bin/sh;
			shellScript = "\"${SRCROOT}/Pods/Target Support Files/Pods-SideMenuAndSegmentedControl/Pods-SideMenuAndSegmentedControl-frameworks.sh\"\n";
			showEnvVarsInLog = 0;
		};
		E6F9A509F9749909113764A4 /* [CP] Copy Pods Resources */ = {
			isa = PBXShellScriptBuildPhase;
			buildActionMask = 2147483647;
			files = (
			);
			inputPaths = (
			);
			name = "[CP] Copy Pods Resources";
			outputPaths = (
			);
			runOnlyForDeploymentPostprocessing = 0;
			shellPath = /bin/sh;
			shellScript = "\"${SRCROOT}/Pods/Target Support Files/Pods-SideMenuAndSegmentedControl/Pods-SideMenuAndSegmentedControl-resources.sh\"\n";
			showEnvVarsInLog = 0;
		};
/* End PBXShellScriptBuildPhase section */

/* Begin PBXSourcesBuildPhase section */
		B82B995A1F0531CC00A82215 /* Sources */ = {
			isa = PBXSourcesBuildPhase;
			buildActionMask = 2147483647;
			files = (
				B87CAD7A1F0A6EEE0092A3A4 /* SearchBookViewController.swift in Sources */,
				B87CAD711F093CC10092A3A4 /* MainViewController.swift in Sources */,
				B86AACDB1F07AC55009A9570 /* Constants.swift in Sources */,
				B86AACD51F07A7B3009A9570 /* Book.swift in Sources */,
				B87CAD731F094CAB0092A3A4 /* SideMenuTableViewCell.swift in Sources */,
				B82B99641F0531CC00A82215 /* BookListViewController.swift in Sources */,
				B86AACD31F067983009A9570 /* BookItemTableViewCell.swift in Sources */,
				B87CAD6F1F0935400092A3A4 /* SideMenuViewController.swift in Sources */,
				B82B99621F0531CC00A82215 /* AppDelegate.swift in Sources */,
			);
			runOnlyForDeploymentPostprocessing = 0;
		};
		B82B996E1F0531CD00A82215 /* Sources */ = {
			isa = PBXSourcesBuildPhase;
			buildActionMask = 2147483647;
			files = (
				B82B99771F0531CD00A82215 /* SideMenuAndSegmentedControlTests.swift in Sources */,
			);
			runOnlyForDeploymentPostprocessing = 0;
		};
/* End PBXSourcesBuildPhase section */

/* Begin PBXTargetDependency section */
		B82B99741F0531CD00A82215 /* PBXTargetDependency */ = {
			isa = PBXTargetDependency;
			target = B82B995D1F0531CC00A82215 /* SideMenuAndSegmentedControl */;
			targetProxy = B82B99731F0531CD00A82215 /* PBXContainerItemProxy */;
		};
/* End PBXTargetDependency section */

/* Begin PBXVariantGroup section */
		B82B99651F0531CC00A82215 /* Main.storyboard */ = {
			isa = PBXVariantGroup;
			children = (
				B82B99661F0531CC00A82215 /* Base */,
			);
			name = Main.storyboard;
			sourceTree = "<group>";
		};
		B82B996A1F0531CC00A82215 /* LaunchScreen.storyboard */ = {
			isa = PBXVariantGroup;
			children = (
				B82B996B1F0531CC00A82215 /* Base */,
			);
			name = LaunchScreen.storyboard;
			sourceTree = "<group>";
		};
/* End PBXVariantGroup section */

/* Begin XCBuildConfiguration section */
		B82B99791F0531CD00A82215 /* Debug */ = {
			isa = XCBuildConfiguration;
			buildSettings = {
				ALWAYS_SEARCH_USER_PATHS = NO;
				CLANG_ANALYZER_NONNULL = YES;
				CLANG_CXX_LANGUAGE_STANDARD = "gnu++0x";
				CLANG_CXX_LIBRARY = "libc++";
				CLANG_ENABLE_MODULES = YES;
				CLANG_ENABLE_OBJC_ARC = YES;
				CLANG_WARN_BOOL_CONVERSION = YES;
				CLANG_WARN_CONSTANT_CONVERSION = YES;
				CLANG_WARN_DIRECT_OBJC_ISA_USAGE = YES_ERROR;
				CLANG_WARN_DOCUMENTATION_COMMENTS = YES;
				CLANG_WARN_EMPTY_BODY = YES;
				CLANG_WARN_ENUM_CONVERSION = YES;
				CLANG_WARN_INFINITE_RECURSION = YES;
				CLANG_WARN_INT_CONVERSION = YES;
				CLANG_WARN_OBJC_ROOT_CLASS = YES_ERROR;
				CLANG_WARN_SUSPICIOUS_MOVE = YES;
				CLANG_WARN_UNREACHABLE_CODE = YES;
				CLANG_WARN__DUPLICATE_METHOD_MATCH = YES;
				"CODE_SIGN_IDENTITY[sdk=iphoneos*]" = "iPhone Developer";
				COPY_PHASE_STRIP = NO;
				DEBUG_INFORMATION_FORMAT = dwarf;
				ENABLE_STRICT_OBJC_MSGSEND = YES;
				ENABLE_TESTABILITY = YES;
				GCC_C_LANGUAGE_STANDARD = gnu99;
				GCC_DYNAMIC_NO_PIC = NO;
				GCC_NO_COMMON_BLOCKS = YES;
				GCC_OPTIMIZATION_LEVEL = 0;
				GCC_PREPROCESSOR_DEFINITIONS = (
					"DEBUG=1",
					"$(inherited)",
				);
				GCC_WARN_64_TO_32_BIT_CONVERSION = YES;
				GCC_WARN_ABOUT_RETURN_TYPE = YES_ERROR;
				GCC_WARN_UNDECLARED_SELECTOR = YES;
				GCC_WARN_UNINITIALIZED_AUTOS = YES_AGGRESSIVE;
				GCC_WARN_UNUSED_FUNCTION = YES;
				GCC_WARN_UNUSED_VARIABLE = YES;
				IPHONEOS_DEPLOYMENT_TARGET = 10.2;
				MTL_ENABLE_DEBUG_INFO = YES;
				ONLY_ACTIVE_ARCH = YES;
				SDKROOT = iphoneos;
				SWIFT_ACTIVE_COMPILATION_CONDITIONS = DEBUG;
				SWIFT_OPTIMIZATION_LEVEL = "-Onone";
			};
			name = Debug;
		};
		B82B997A1F0531CD00A82215 /* Release */ = {
			isa = XCBuildConfiguration;
			buildSettings = {
				ALWAYS_SEARCH_USER_PATHS = NO;
				CLANG_ANALYZER_NONNULL = YES;
				CLANG_CXX_LANGUAGE_STANDARD = "gnu++0x";
				CLANG_CXX_LIBRARY = "libc++";
				CLANG_ENABLE_MODULES = YES;
				CLANG_ENABLE_OBJC_ARC = YES;
				CLANG_WARN_BOOL_CONVERSION = YES;
				CLANG_WARN_CONSTANT_CONVERSION = YES;
				CLANG_WARN_DIRECT_OBJC_ISA_USAGE = YES_ERROR;
				CLANG_WARN_DOCUMENTATION_COMMENTS = YES;
				CLANG_WARN_EMPTY_BODY = YES;
				CLANG_WARN_ENUM_CONVERSION = YES;
				CLANG_WARN_INFINITE_RECURSION = YES;
				CLANG_WARN_INT_CONVERSION = YES;
				CLANG_WARN_OBJC_ROOT_CLASS = YES_ERROR;
				CLANG_WARN_SUSPICIOUS_MOVE = YES;
				CLANG_WARN_UNREACHABLE_CODE = YES;
				CLANG_WARN__DUPLICATE_METHOD_MATCH = YES;
				"CODE_SIGN_IDENTITY[sdk=iphoneos*]" = "iPhone Developer";
				COPY_PHASE_STRIP = NO;
				DEBUG_INFORMATION_FORMAT = "dwarf-with-dsym";
				ENABLE_NS_ASSERTIONS = NO;
				ENABLE_STRICT_OBJC_MSGSEND = YES;
				GCC_C_LANGUAGE_STANDARD = gnu99;
				GCC_NO_COMMON_BLOCKS = YES;
				GCC_WARN_64_TO_32_BIT_CONVERSION = YES;
				GCC_WARN_ABOUT_RETURN_TYPE = YES_ERROR;
				GCC_WARN_UNDECLARED_SELECTOR = YES;
				GCC_WARN_UNINITIALIZED_AUTOS = YES_AGGRESSIVE;
				GCC_WARN_UNUSED_FUNCTION = YES;
				GCC_WARN_UNUSED_VARIABLE = YES;
				IPHONEOS_DEPLOYMENT_TARGET = 10.2;
				MTL_ENABLE_DEBUG_INFO = NO;
				SDKROOT = iphoneos;
				SWIFT_OPTIMIZATION_LEVEL = "-Owholemodule";
				VALIDATE_PRODUCT = YES;
			};
			name = Release;
		};
		B82B997C1F0531CD00A82215 /* Debug */ = {
			isa = XCBuildConfiguration;
			baseConfigurationReference = 635BF6010AC2F521A3AF1006 /* Pods-SideMenuAndSegmentedControl.debug.xcconfig */;
			buildSettings = {
				ASSETCATALOG_COMPILER_APPICON_NAME = AppIcon;
				DEVELOPMENT_TEAM = MFYH4C9VNG;
				INFOPLIST_FILE = SideMenuAndSegmentedControl/Info.plist;
				IPHONEOS_DEPLOYMENT_TARGET = 9.0;
				LD_RUNPATH_SEARCH_PATHS = "$(inherited) @executable_path/Frameworks";
				PRODUCT_BUNDLE_IDENTIFIER = com.woogii.SideMenuAndSegmentedControl;
				PRODUCT_NAME = "$(TARGET_NAME)";
				SWIFT_VERSION = 3.0;
			};
			name = Debug;
		};
		B82B997D1F0531CD00A82215 /* Release */ = {
			isa = XCBuildConfiguration;
			baseConfigurationReference = 849F498A187CCFD5E81546E1 /* Pods-SideMenuAndSegmentedControl.release.xcconfig */;
			buildSettings = {
				ASSETCATALOG_COMPILER_APPICON_NAME = AppIcon;
				DEVELOPMENT_TEAM = MFYH4C9VNG;
				INFOPLIST_FILE = SideMenuAndSegmentedControl/Info.plist;
				IPHONEOS_DEPLOYMENT_TARGET = 9.0;
				LD_RUNPATH_SEARCH_PATHS = "$(inherited) @executable_path/Frameworks";
				PRODUCT_BUNDLE_IDENTIFIER = com.woogii.SideMenuAndSegmentedControl;
				PRODUCT_NAME = "$(TARGET_NAME)";
				SWIFT_VERSION = 3.0;
			};
			name = Release;
		};
		B82B997F1F0531CD00A82215 /* Debug */ = {
			isa = XCBuildConfiguration;
			buildSettings = {
				ALWAYS_EMBED_SWIFT_STANDARD_LIBRARIES = YES;
				BUNDLE_LOADER = "$(TEST_HOST)";
				DEVELOPMENT_TEAM = MFYH4C9VNG;
				INFOPLIST_FILE = SideMenuAndSegmentedControlTests/Info.plist;
				LD_RUNPATH_SEARCH_PATHS = "$(inherited) @executable_path/Frameworks @loader_path/Frameworks";
				PRODUCT_BUNDLE_IDENTIFIER = com.woogii.SideMenuAndSegmentedControlTests;
				PRODUCT_NAME = "$(TARGET_NAME)";
				SWIFT_VERSION = 3.0;
				TEST_HOST = "$(BUILT_PRODUCTS_DIR)/SideMenuAndSegmentedControl.app/SideMenuAndSegmentedControl";
			};
			name = Debug;
		};
		B82B99801F0531CD00A82215 /* Release */ = {
			isa = XCBuildConfiguration;
			buildSettings = {
				ALWAYS_EMBED_SWIFT_STANDARD_LIBRARIES = YES;
				BUNDLE_LOADER = "$(TEST_HOST)";
				DEVELOPMENT_TEAM = MFYH4C9VNG;
				INFOPLIST_FILE = SideMenuAndSegmentedControlTests/Info.plist;
				LD_RUNPATH_SEARCH_PATHS = "$(inherited) @executable_path/Frameworks @loader_path/Frameworks";
				PRODUCT_BUNDLE_IDENTIFIER = com.woogii.SideMenuAndSegmentedControlTests;
				PRODUCT_NAME = "$(TARGET_NAME)";
				SWIFT_VERSION = 3.0;
				TEST_HOST = "$(BUILT_PRODUCTS_DIR)/SideMenuAndSegmentedControl.app/SideMenuAndSegmentedControl";
			};
			name = Release;
		};
/* End XCBuildConfiguration section */

/* Begin XCConfigurationList section */
		B82B99591F0531CC00A82215 /* Build configuration list for PBXProject "SideMenuAndSegmentedControl" */ = {
			isa = XCConfigurationList;
			buildConfigurations = (
				B82B99791F0531CD00A82215 /* Debug */,
				B82B997A1F0531CD00A82215 /* Release */,
			);
			defaultConfigurationIsVisible = 0;
			defaultConfigurationName = Release;
		};
		B82B997B1F0531CD00A82215 /* Build configuration list for PBXNativeTarget "SideMenuAndSegmentedControl" */ = {
			isa = XCConfigurationList;
			buildConfigurations = (
				B82B997C1F0531CD00A82215 /* Debug */,
				B82B997D1F0531CD00A82215 /* Release */,
			);
			defaultConfigurationIsVisible = 0;
			defaultConfigurationName = Release;
		};
		B82B997E1F0531CD00A82215 /* Build configuration list for PBXNativeTarget "SideMenuAndSegmentedControlTests" */ = {
			isa = XCConfigurationList;
			buildConfigurations = (
				B82B997F1F0531CD00A82215 /* Debug */,
				B82B99801F0531CD00A82215 /* Release */,
			);
			defaultConfigurationIsVisible = 0;
			defaultConfigurationName = Release;
		};
/* End XCConfigurationList section */
	};
	rootObject = B82B99561F0531CC00A82215 /* Project object */;
}
