// !$*UTF8*$!
{
	archiveVersion = 1;
	classes = {
	};
	objectVersion = 46;
	objects = {

/* Begin PBXBuildFile section */
		B82284A31F32DE0A00A7566B /* AppDelegate.swift in Sources */ = {isa = PBXBuildFile; fileRef = B82284A21F32DE0A00A7566B /* AppDelegate.swift */; };
		B82284A51F32DE0A00A7566B /* PollutantInfoViewController.swift in Sources */ = {isa = PBXBuildFile; fileRef = B82284A41F32DE0A00A7566B /* PollutantInfoViewController.swift */; };
		B82284A81F32DE0A00A7566B /* Main.storyboard in Resources */ = {isa = PBXBuildFile; fileRef = B82284A61F32DE0A00A7566B /* Main.storyboard */; };
		B82284AA1F32DE0A00A7566B /* Assets.xcassets in Resources */ = {isa = PBXBuildFile; fileRef = B82284A91F32DE0A00A7566B /* Assets.xcassets */; };
		B82284AD1F32DE0A00A7566B /* LaunchScreen.storyboard in Resources */ = {isa = PBXBuildFile; fileRef = B82284AB1F32DE0A00A7566B /* LaunchScreen.storyboard */; };
		B82284B81F32DE0A00A7566B /* UIViewAnimationTests.swift in Sources */ = {isa = PBXBuildFile; fileRef = B82284B71F32DE0A00A7566B /* UIViewAnimationTests.swift */; };
		B82284C71F32DEE900A7566B /* FaceView.swift in Sources */ = {isa = PBXBuildFile; fileRef = B82284C61F32DEE900A7566B /* FaceView.swift */; };
		B82284F51F36D2B500A7566B /* Secret.swift in Sources */ = {isa = PBXBuildFile; fileRef = B82284F41F36D2B500A7566B /* Secret.swift */; };
		B82284F71F36E9AF00A7566B /* PollutantInfoCollectionViewCell.swift in Sources */ = {isa = PBXBuildFile; fileRef = B82284F61F36E9AF00A7566B /* PollutantInfoCollectionViewCell.swift */; };
		B82284FD1F37120700A7566B /* SplashViewController.swift in Sources */ = {isa = PBXBuildFile; fileRef = B82284FC1F37120700A7566B /* SplashViewController.swift */; };
		B882D8281F376D9A00C7C346 /* DustInfoJson.json in Resources */ = {isa = PBXBuildFile; fileRef = B882D8271F376D9A00C7C346 /* DustInfoJson.json */; };
		B882D82D1F383EBB00C7C346 /* Constants.swift in Sources */ = {isa = PBXBuildFile; fileRef = B882D82C1F383EBB00C7C346 /* Constants.swift */; };
		B8B80B661F3722BA0002FCCD /* DustInfo.swift in Sources */ = {isa = PBXBuildFile; fileRef = B8B80B651F3722BA0002FCCD /* DustInfo.swift */; };
/* End PBXBuildFile section */

/* Begin PBXContainerItemProxy section */
		B82284B41F32DE0A00A7566B /* PBXContainerItemProxy */ = {
			isa = PBXContainerItemProxy;
			containerPortal = B82284971F32DE0A00A7566B /* Project object */;
			proxyType = 1;
			remoteGlobalIDString = B822849E1F32DE0A00A7566B;
			remoteInfo = UIViewAnimation;
		};
/* End PBXContainerItemProxy section */

/* Begin PBXFileReference section */
		B822849F1F32DE0A00A7566B /* UIViewAnimation.app */ = {isa = PBXFileReference; explicitFileType = wrapper.application; includeInIndex = 0; path = UIViewAnimation.app; sourceTree = BUILT_PRODUCTS_DIR; };
		B82284A21F32DE0A00A7566B /* AppDelegate.swift */ = {isa = PBXFileReference; lastKnownFileType = sourcecode.swift; path = AppDelegate.swift; sourceTree = "<group>"; };
		B82284A41F32DE0A00A7566B /* PollutantInfoViewController.swift */ = {isa = PBXFileReference; lastKnownFileType = sourcecode.swift; path = PollutantInfoViewController.swift; sourceTree = "<group>"; };
		B82284A71F32DE0A00A7566B /* Base */ = {isa = PBXFileReference; lastKnownFileType = file.storyboard; name = Base; path = Base.lproj/Main.storyboard; sourceTree = "<group>"; };
		B82284A91F32DE0A00A7566B /* Assets.xcassets */ = {isa = PBXFileReference; lastKnownFileType = folder.assetcatalog; path = Assets.xcassets; sourceTree = "<group>"; };
		B82284AC1F32DE0A00A7566B /* Base */ = {isa = PBXFileReference; lastKnownFileType = file.storyboard; name = Base; path = Base.lproj/LaunchScreen.storyboard; sourceTree = "<group>"; };
		B82284AE1F32DE0A00A7566B /* Info.plist */ = {isa = PBXFileReference; lastKnownFileType = text.plist.xml; path = Info.plist; sourceTree = "<group>"; };
		B82284B31F32DE0A00A7566B /* UIViewAnimationTests.xctest */ = {isa = PBXFileReference; explicitFileType = wrapper.cfbundle; includeInIndex = 0; path = UIViewAnimationTests.xctest; sourceTree = BUILT_PRODUCTS_DIR; };
		B82284B71F32DE0A00A7566B /* UIViewAnimationTests.swift */ = {isa = PBXFileReference; lastKnownFileType = sourcecode.swift; path = UIViewAnimationTests.swift; sourceTree = "<group>"; };
		B82284B91F32DE0A00A7566B /* Info.plist */ = {isa = PBXFileReference; lastKnownFileType = text.plist.xml; path = Info.plist; sourceTree = "<group>"; };
		B82284C61F32DEE900A7566B /* FaceView.swift */ = {isa = PBXFileReference; fileEncoding = 4; lastKnownFileType = sourcecode.swift; path = FaceView.swift; sourceTree = "<group>"; };
		B82284F41F36D2B500A7566B /* Secret.swift */ = {isa = PBXFileReference; fileEncoding = 4; lastKnownFileType = sourcecode.swift; path = Secret.swift; sourceTree = "<group>"; };
		B82284F61F36E9AF00A7566B /* PollutantInfoCollectionViewCell.swift */ = {isa = PBXFileReference; fileEncoding = 4; lastKnownFileType = sourcecode.swift; path = PollutantInfoCollectionViewCell.swift; sourceTree = "<group>"; };
		B82284FC1F37120700A7566B /* SplashViewController.swift */ = {isa = PBXFileReference; fileEncoding = 4; lastKnownFileType = sourcecode.swift; path = SplashViewController.swift; sourceTree = "<group>"; };
		B882D8271F376D9A00C7C346 /* DustInfoJson.json */ = {isa = PBXFileReference; fileEncoding = 4; lastKnownFileType = text.json; path = DustInfoJson.json; sourceTree = "<group>"; };
		B882D82C1F383EBB00C7C346 /* Constants.swift */ = {isa = PBXFileReference; fileEncoding = 4; lastKnownFileType = sourcecode.swift; path = Constants.swift; sourceTree = "<group>"; };
		B8B80B651F3722BA0002FCCD /* DustInfo.swift */ = {isa = PBXFileReference; fileEncoding = 4; lastKnownFileType = sourcecode.swift; path = DustInfo.swift; sourceTree = "<group>"; };
/* End PBXFileReference section */

/* Begin PBXFrameworksBuildPhase section */
		B822849C1F32DE0A00A7566B /* Frameworks */ = {
			isa = PBXFrameworksBuildPhase;
			buildActionMask = 2147483647;
			files = (
			);
			runOnlyForDeploymentPostprocessing = 0;
		};
		B82284B01F32DE0A00A7566B /* Frameworks */ = {
			isa = PBXFrameworksBuildPhase;
			buildActionMask = 2147483647;
			files = (
			);
			runOnlyForDeploymentPostprocessing = 0;
		};
/* End PBXFrameworksBuildPhase section */

/* Begin PBXGroup section */
		B82284961F32DE0A00A7566B = {
			isa = PBXGroup;
			children = (
				B82284A11F32DE0A00A7566B /* UIViewAnimation */,
				B82284A01F32DE0A00A7566B /* Products */,
			);
			sourceTree = "<group>";
		};
		B82284A01F32DE0A00A7566B /* Products */ = {
			isa = PBXGroup;
			children = (
				B822849F1F32DE0A00A7566B /* UIViewAnimation.app */,
				B82284B31F32DE0A00A7566B /* UIViewAnimationTests.xctest */,
			);
			name = Products;
			sourceTree = "<group>";
		};
		B82284A11F32DE0A00A7566B /* UIViewAnimation */ = {
			isa = PBXGroup;
			children = (
				B82284F41F36D2B500A7566B /* Secret.swift */,
				B882D8291F383D7B00C7C346 /* Constants */,
				B8B80B671F3722C00002FCCD /* Model */,
				B82284C51F32DED000A7566B /* View */,
				B82284C41F32DE4300A7566B /* Controller */,
				B82284C21F32DE1F00A7566B /* Supporting Files */,
				B82284C31F32DE3900A7566B /* Storyboard */,
				B82284B61F32DE0A00A7566B /* UIViewAnimationTests */,
			);
			path = UIViewAnimation;
			sourceTree = "<group>";
		};
		B82284B61F32DE0A00A7566B /* UIViewAnimationTests */ = {
			isa = PBXGroup;
			children = (
				B82284B71F32DE0A00A7566B /* UIViewAnimationTests.swift */,
				B82284B91F32DE0A00A7566B /* Info.plist */,
			);
			path = UIViewAnimationTests;
			sourceTree = SOURCE_ROOT;
		};
		B82284C21F32DE1F00A7566B /* Supporting Files */ = {
			isa = PBXGroup;
			children = (
				B82284A21F32DE0A00A7566B /* AppDelegate.swift */,
				B82284A91F32DE0A00A7566B /* Assets.xcassets */,
				B82284AB1F32DE0A00A7566B /* LaunchScreen.storyboard */,
				B882D8271F376D9A00C7C346 /* DustInfoJson.json */,
				B82284AE1F32DE0A00A7566B /* Info.plist */,
			);
			name = "Supporting Files";
			sourceTree = "<group>";
		};
		B82284C31F32DE3900A7566B /* Storyboard */ = {
			isa = PBXGroup;
			children = (
				B82284A61F32DE0A00A7566B /* Main.storyboard */,
			);
			name = Storyboard;
			sourceTree = "<group>";
		};
		B82284C41F32DE4300A7566B /* Controller */ = {
			isa = PBXGroup;
			children = (
				B82284A41F32DE0A00A7566B /* PollutantInfoViewController.swift */,
				B82284FC1F37120700A7566B /* SplashViewController.swift */,
			);
			name = Controller;
			sourceTree = "<group>";
		};
		B82284C51F32DED000A7566B /* View */ = {
			isa = PBXGroup;
			children = (
				B82284C61F32DEE900A7566B /* FaceView.swift */,
				B82284F61F36E9AF00A7566B /* PollutantInfoCollectionViewCell.swift */,
			);
			name = View;
			sourceTree = "<group>";
		};
		B882D8291F383D7B00C7C346 /* Constants */ = {
			isa = PBXGroup;
			children = (
				B882D82C1F383EBB00C7C346 /* Constants.swift */,
			);
			name = Constants;
			sourceTree = "<group>";
		};
		B8B80B671F3722C00002FCCD /* Model */ = {
			isa = PBXGroup;
			children = (
				B8B80B651F3722BA0002FCCD /* DustInfo.swift */,
			);
			name = Model;
			sourceTree = "<group>";
		};
/* End PBXGroup section */

/* Begin PBXNativeTarget section */
		B822849E1F32DE0A00A7566B /* UIViewAnimation */ = {
			isa = PBXNativeTarget;
			buildConfigurationList = B82284BC1F32DE0A00A7566B /* Build configuration list for PBXNativeTarget "UIViewAnimation" */;
			buildPhases = (
				B822849B1F32DE0A00A7566B /* Sources */,
				B822849C1F32DE0A00A7566B /* Frameworks */,
				B822849D1F32DE0A00A7566B /* Resources */,
			);
			buildRules = (
			);
			dependencies = (
			);
			name = UIViewAnimation;
			productName = UIViewAnimation;
			productReference = B822849F1F32DE0A00A7566B /* UIViewAnimation.app */;
			productType = "com.apple.product-type.application";
		};
		B82284B21F32DE0A00A7566B /* UIViewAnimationTests */ = {
			isa = PBXNativeTarget;
			buildConfigurationList = B82284BF1F32DE0A00A7566B /* Build configuration list for PBXNativeTarget "UIViewAnimationTests" */;
			buildPhases = (
				B82284AF1F32DE0A00A7566B /* Sources */,
				B82284B01F32DE0A00A7566B /* Frameworks */,
				B82284B11F32DE0A00A7566B /* Resources */,
			);
			buildRules = (
			);
			dependencies = (
				B82284B51F32DE0A00A7566B /* PBXTargetDependency */,
			);
			name = UIViewAnimationTests;
			productName = UIViewAnimationTests;
			productReference = B82284B31F32DE0A00A7566B /* UIViewAnimationTests.xctest */;
			productType = "com.apple.product-type.bundle.unit-test";
		};
/* End PBXNativeTarget section */

/* Begin PBXProject section */
		B82284971F32DE0A00A7566B /* Project object */ = {
			isa = PBXProject;
			attributes = {
				LastSwiftUpdateCheck = 0830;
				LastUpgradeCheck = 0830;
				ORGANIZATIONNAME = siwook;
				TargetAttributes = {
					B822849E1F32DE0A00A7566B = {
						CreatedOnToolsVersion = 8.3.1;
						DevelopmentTeam = MFYH4C9VNG;
						ProvisioningStyle = Automatic;
					};
					B82284B21F32DE0A00A7566B = {
						CreatedOnToolsVersion = 8.3.1;
						DevelopmentTeam = MFYH4C9VNG;
						ProvisioningStyle = Automatic;
						TestTargetID = B822849E1F32DE0A00A7566B;
					};
				};
			};
			buildConfigurationList = B822849A1F32DE0A00A7566B /* Build configuration list for PBXProject "UIViewAnimation" */;
			compatibilityVersion = "Xcode 3.2";
			developmentRegion = English;
			hasScannedForEncodings = 0;
			knownRegions = (
				en,
				Base,
			);
			mainGroup = B82284961F32DE0A00A7566B;
			productRefGroup = B82284A01F32DE0A00A7566B /* Products */;
			projectDirPath = "";
			projectRoot = "";
			targets = (
				B822849E1F32DE0A00A7566B /* UIViewAnimation */,
				B82284B21F32DE0A00A7566B /* UIViewAnimationTests */,
			);
		};
/* End PBXProject section */

/* Begin PBXResourcesBuildPhase section */
		B822849D1F32DE0A00A7566B /* Resources */ = {
			isa = PBXResourcesBuildPhase;
			buildActionMask = 2147483647;
			files = (
				B82284AD1F32DE0A00A7566B /* LaunchScreen.storyboard in Resources */,
				B82284AA1F32DE0A00A7566B /* Assets.xcassets in Resources */,
				B82284A81F32DE0A00A7566B /* Main.storyboard in Resources */,
				B882D8281F376D9A00C7C346 /* DustInfoJson.json in Resources */,
			);
			runOnlyForDeploymentPostprocessing = 0;
		};
		B82284B11F32DE0A00A7566B /* Resources */ = {
			isa = PBXResourcesBuildPhase;
			buildActionMask = 2147483647;
			files = (
			);
			runOnlyForDeploymentPostprocessing = 0;
		};
/* End PBXResourcesBuildPhase section */

/* Begin PBXSourcesBuildPhase section */
		B822849B1F32DE0A00A7566B /* Sources */ = {
			isa = PBXSourcesBuildPhase;
			buildActionMask = 2147483647;
			files = (
				B82284A51F32DE0A00A7566B /* PollutantInfoViewController.swift in Sources */,
				B8B80B661F3722BA0002FCCD /* DustInfo.swift in Sources */,
				B82284F71F36E9AF00A7566B /* PollutantInfoCollectionViewCell.swift in Sources */,
				B82284F51F36D2B500A7566B /* Secret.swift in Sources */,
				B82284FD1F37120700A7566B /* SplashViewController.swift in Sources */,
				B82284A31F32DE0A00A7566B /* AppDelegate.swift in Sources */,
				B82284C71F32DEE900A7566B /* FaceView.swift in Sources */,
				B882D82D1F383EBB00C7C346 /* Constants.swift in Sources */,
			);
			runOnlyForDeploymentPostprocessing = 0;
		};
		B82284AF1F32DE0A00A7566B /* Sources */ = {
			isa = PBXSourcesBuildPhase;
			buildActionMask = 2147483647;
			files = (
				B82284B81F32DE0A00A7566B /* UIViewAnimationTests.swift in Sources */,
			);
			runOnlyForDeploymentPostprocessing = 0;
		};
/* End PBXSourcesBuildPhase section */

/* Begin PBXTargetDependency section */
		B82284B51F32DE0A00A7566B /* PBXTargetDependency */ = {
			isa = PBXTargetDependency;
			target = B822849E1F32DE0A00A7566B /* UIViewAnimation */;
			targetProxy = B82284B41F32DE0A00A7566B /* PBXContainerItemProxy */;
		};
/* End PBXTargetDependency section */

/* Begin PBXVariantGroup section */
		B82284A61F32DE0A00A7566B /* Main.storyboard */ = {
			isa = PBXVariantGroup;
			children = (
				B82284A71F32DE0A00A7566B /* Base */,
			);
			name = Main.storyboard;
			sourceTree = "<group>";
		};
		B82284AB1F32DE0A00A7566B /* LaunchScreen.storyboard */ = {
			isa = PBXVariantGroup;
			children = (
				B82284AC1F32DE0A00A7566B /* Base */,
			);
			name = LaunchScreen.storyboard;
			sourceTree = "<group>";
		};
/* End PBXVariantGroup section */

/* Begin XCBuildConfiguration section */
		B82284BA1F32DE0A00A7566B /* Debug */ = {
			isa = XCBuildConfiguration;
			buildSettings = {
				ALWAYS_SEARCH_USER_PATHS = NO;
				CLANG_ANALYZER_NONNULL = YES;
				CLANG_ANALYZER_NUMBER_OBJECT_CONVERSION = YES_AGGRESSIVE;
				CLANG_CXX_LANGUAGE_STANDARD = "gnu++0x";
				CLANG_CXX_LIBRARY = "libc++";
				CLANG_ENABLE_MODULES = YES;
				CLANG_ENABLE_OBJC_ARC = YES;
				CLANG_WARN_BOOL_CONVERSION = YES;
				CLANG_WARN_CONSTANT_CONVERSION = YES;
				CLANG_WARN_DIRECT_OBJC_ISA_USAGE = YES_ERROR;
				CLANG_WARN_DOCUMENTATION_COMMENTS = YES;
				CLANG_WARN_EMPTY_BODY = YES;
				CLANG_WARN_ENUM_CONVERSION = YES;
				CLANG_WARN_INFINITE_RECURSION = YES;
				CLANG_WARN_INT_CONVERSION = YES;
				CLANG_WARN_OBJC_ROOT_CLASS = YES_ERROR;
				CLANG_WARN_SUSPICIOUS_MOVE = YES;
				CLANG_WARN_UNREACHABLE_CODE = YES;
				CLANG_WARN__DUPLICATE_METHOD_MATCH = YES;
				"CODE_SIGN_IDENTITY[sdk=iphoneos*]" = "iPhone Developer";
				COPY_PHASE_STRIP = NO;
				DEBUG_INFORMATION_FORMAT = dwarf;
				ENABLE_STRICT_OBJC_MSGSEND = YES;
				ENABLE_TESTABILITY = YES;
				GCC_C_LANGUAGE_STANDARD = gnu99;
				GCC_DYNAMIC_NO_PIC = NO;
				GCC_NO_COMMON_BLOCKS = YES;
				GCC_OPTIMIZATION_LEVEL = 0;
				GCC_PREPROCESSOR_DEFINITIONS = (
					"DEBUG=1",
					"$(inherited)",
				);
				GCC_WARN_64_TO_32_BIT_CONVERSION = YES;
				GCC_WARN_ABOUT_RETURN_TYPE = YES_ERROR;
				GCC_WARN_UNDECLARED_SELECTOR = YES;
				GCC_WARN_UNINITIALIZED_AUTOS = YES_AGGRESSIVE;
				GCC_WARN_UNUSED_FUNCTION = YES;
				GCC_WARN_UNUSED_VARIABLE = YES;
				IPHONEOS_DEPLOYMENT_TARGET = 10.3;
				MTL_ENABLE_DEBUG_INFO = YES;
				ONLY_ACTIVE_ARCH = YES;
				SDKROOT = iphoneos;
				SWIFT_ACTIVE_COMPILATION_CONDITIONS = DEBUG;
				SWIFT_OPTIMIZATION_LEVEL = "-Onone";
			};
			name = Debug;
		};
		B82284BB1F32DE0A00A7566B /* Release */ = {
			isa = XCBuildConfiguration;
			buildSettings = {
				ALWAYS_SEARCH_USER_PATHS = NO;
				CLANG_ANALYZER_NONNULL = YES;
				CLANG_ANALYZER_NUMBER_OBJECT_CONVERSION = YES_AGGRESSIVE;
				CLANG_CXX_LANGUAGE_STANDARD = "gnu++0x";
				CLANG_CXX_LIBRARY = "libc++";
				CLANG_ENABLE_MODULES = YES;
				CLANG_ENABLE_OBJC_ARC = YES;
				CLANG_WARN_BOOL_CONVERSION = YES;
				CLANG_WARN_CONSTANT_CONVERSION = YES;
				CLANG_WARN_DIRECT_OBJC_ISA_USAGE = YES_ERROR;
				CLANG_WARN_DOCUMENTATION_COMMENTS = YES;
				CLANG_WARN_EMPTY_BODY = YES;
				CLANG_WARN_ENUM_CONVERSION = YES;
				CLANG_WARN_INFINITE_RECURSION = YES;
				CLANG_WARN_INT_CONVERSION = YES;
				CLANG_WARN_OBJC_ROOT_CLASS = YES_ERROR;
				CLANG_WARN_SUSPICIOUS_MOVE = YES;
				CLANG_WARN_UNREACHABLE_CODE = YES;
				CLANG_WARN__DUPLICATE_METHOD_MATCH = YES;
				"CODE_SIGN_IDENTITY[sdk=iphoneos*]" = "iPhone Developer";
				COPY_PHASE_STRIP = NO;
				DEBUG_INFORMATION_FORMAT = "dwarf-with-dsym";
				ENABLE_NS_ASSERTIONS = NO;
				ENABLE_STRICT_OBJC_MSGSEND = YES;
				GCC_C_LANGUAGE_STANDARD = gnu99;
				GCC_NO_COMMON_BLOCKS = YES;
				GCC_WARN_64_TO_32_BIT_CONVERSION = YES;
				GCC_WARN_ABOUT_RETURN_TYPE = YES_ERROR;
				GCC_WARN_UNDECLARED_SELECTOR = YES;
				GCC_WARN_UNINITIALIZED_AUTOS = YES_AGGRESSIVE;
				GCC_WARN_UNUSED_FUNCTION = YES;
				GCC_WARN_UNUSED_VARIABLE = YES;
				IPHONEOS_DEPLOYMENT_TARGET = 10.3;
				MTL_ENABLE_DEBUG_INFO = NO;
				SDKROOT = iphoneos;
				SWIFT_OPTIMIZATION_LEVEL = "-Owholemodule";
				VALIDATE_PRODUCT = YES;
			};
			name = Release;
		};
		B82284BD1F32DE0A00A7566B /* Debug */ = {
			isa = XCBuildConfiguration;
			buildSettings = {
				ASSETCATALOG_COMPILER_APPICON_NAME = AppIcon;
				DEVELOPMENT_TEAM = MFYH4C9VNG;
				INFOPLIST_FILE = UIViewAnimation/Info.plist;
				IPHONEOS_DEPLOYMENT_TARGET = 9.0;
				LD_RUNPATH_SEARCH_PATHS = "$(inherited) @executable_path/Frameworks";
				PRODUCT_BUNDLE_IDENTIFIER = com.woogii.UIViewAnimation;
				PRODUCT_NAME = "$(TARGET_NAME)";
				SWIFT_VERSION = 3.0;
			};
			name = Debug;
		};
		B82284BE1F32DE0A00A7566B /* Release */ = {
			isa = XCBuildConfiguration;
			buildSettings = {
				ASSETCATALOG_COMPILER_APPICON_NAME = AppIcon;
				DEVELOPMENT_TEAM = MFYH4C9VNG;
				INFOPLIST_FILE = UIViewAnimation/Info.plist;
				IPHONEOS_DEPLOYMENT_TARGET = 9.0;
				LD_RUNPATH_SEARCH_PATHS = "$(inherited) @executable_path/Frameworks";
				PRODUCT_BUNDLE_IDENTIFIER = com.woogii.UIViewAnimation;
				PRODUCT_NAME = "$(TARGET_NAME)";
				SWIFT_VERSION = 3.0;
			};
			name = Release;
		};
		B82284C01F32DE0A00A7566B /* Debug */ = {
			isa = XCBuildConfiguration;
			buildSettings = {
				ALWAYS_EMBED_SWIFT_STANDARD_LIBRARIES = YES;
				BUNDLE_LOADER = "$(TEST_HOST)";
				DEVELOPMENT_TEAM = MFYH4C9VNG;
				INFOPLIST_FILE = UIViewAnimationTests/Info.plist;
				LD_RUNPATH_SEARCH_PATHS = "$(inherited) @executable_path/Frameworks @loader_path/Frameworks";
				PRODUCT_BUNDLE_IDENTIFIER = com.woogii.UIViewAnimationTests;
				PRODUCT_NAME = "$(TARGET_NAME)";
				SWIFT_VERSION = 3.0;
				TEST_HOST = "$(BUILT_PRODUCTS_DIR)/UIViewAnimation.app/UIViewAnimation";
			};
			name = Debug;
		};
		B82284C11F32DE0A00A7566B /* Release */ = {
			isa = XCBuildConfiguration;
			buildSettings = {
				ALWAYS_EMBED_SWIFT_STANDARD_LIBRARIES = YES;
				BUNDLE_LOADER = "$(TEST_HOST)";
				DEVELOPMENT_TEAM = MFYH4C9VNG;
				INFOPLIST_FILE = UIViewAnimationTests/Info.plist;
				LD_RUNPATH_SEARCH_PATHS = "$(inherited) @executable_path/Frameworks @loader_path/Frameworks";
				PRODUCT_BUNDLE_IDENTIFIER = com.woogii.UIViewAnimationTests;
				PRODUCT_NAME = "$(TARGET_NAME)";
				SWIFT_VERSION = 3.0;
				TEST_HOST = "$(BUILT_PRODUCTS_DIR)/UIViewAnimation.app/UIViewAnimation";
			};
			name = Release;
		};
/* End XCBuildConfiguration section */

/* Begin XCConfigurationList section */
		B822849A1F32DE0A00A7566B /* Build configuration list for PBXProject "UIViewAnimation" */ = {
			isa = XCConfigurationList;
			buildConfigurations = (
				B82284BA1F32DE0A00A7566B /* Debug */,
				B82284BB1F32DE0A00A7566B /* Release */,
			);
			defaultConfigurationIsVisible = 0;
			defaultConfigurationName = Release;
		};
		B82284BC1F32DE0A00A7566B /* Build configuration list for PBXNativeTarget "UIViewAnimation" */ = {
			isa = XCConfigurationList;
			buildConfigurations = (
				B82284BD1F32DE0A00A7566B /* Debug */,
				B82284BE1F32DE0A00A7566B /* Release */,
			);
			defaultConfigurationIsVisible = 0;
			defaultConfigurationName = Release;
		};
		B82284BF1F32DE0A00A7566B /* Build configuration list for PBXNativeTarget "UIViewAnimationTests" */ = {
			isa = XCConfigurationList;
			buildConfigurations = (
				B82284C01F32DE0A00A7566B /* Debug */,
				B82284C11F32DE0A00A7566B /* Release */,
			);
			defaultConfigurationIsVisible = 0;
			defaultConfigurationName = Release;
		};
/* End XCConfigurationList section */
	};
	rootObject = B82284971F32DE0A00A7566B /* Project object */;
}
