// !$*UTF8*$!
{
	archiveVersion = 1;
	classes = {
	};
	objectVersion = 46;
	objects = {

/* Begin PBXBuildFile section */
		A3C106165A4BC519C2EE3E6A /* Pods_LogInDemo.framework in Frameworks */ = {isa = PBXBuildFile; fileRef = 819B8F7D330DB47347A20889 /* Pods_LogInDemo.framework */; };
		B816A34C1EE597D000B2C97A /* AppDelegate.swift in Sources */ = {isa = PBXBuildFile; fileRef = B816A34B1EE597D000B2C97A /* AppDelegate.swift */; };
		B816A34E1EE597D000B2C97A /* LogInViewController.swift in Sources */ = {isa = PBXBuildFile; fileRef = B816A34D1EE597D000B2C97A /* LogInViewController.swift */; };
		B816A3511EE597D000B2C97A /* Main.storyboard in Resources */ = {isa = PBXBuildFile; fileRef = B816A34F1EE597D000B2C97A /* Main.storyboard */; };
		B816A3531EE597D000B2C97A /* Assets.xcassets in Resources */ = {isa = PBXBuildFile; fileRef = B816A3521EE597D000B2C97A /* Assets.xcassets */; };
		B816A3561EE597D000B2C97A /* LaunchScreen.storyboard in Resources */ = {isa = PBXBuildFile; fileRef = B816A3541EE597D000B2C97A /* LaunchScreen.storyboard */; };
		B816A3611EE597D000B2C97A /* LogInDemoTests.swift in Sources */ = {isa = PBXBuildFile; fileRef = B816A3601EE597D000B2C97A /* LogInDemoTests.swift */; };
		B88BD5CD1EF6C06900112DC9 /* BookListTableViewController.swift in Sources */ = {isa = PBXBuildFile; fileRef = B88BD5CC1EF6C06900112DC9 /* BookListTableViewController.swift */; };
		B8CDC3531EEE8E0900C04666 /* GoogleSignInBridgingHeader.m in Sources */ = {isa = PBXBuildFile; fileRef = B8CDC3521EEE8E0900C04666 /* GoogleSignInBridgingHeader.m */; };
		B8DD94351EEC272B000F78D9 /* GoogleService-Info.plist in Resources */ = {isa = PBXBuildFile; fileRef = B8DD94341EEC272B000F78D9 /* GoogleService-Info.plist */; };
		B8DD94401EED73A3000F78D9 /* User.swift in Sources */ = {isa = PBXBuildFile; fileRef = B8DD943F1EED73A3000F78D9 /* User.swift */; };
		B8DD94441EED85D4000F78D9 /* InputValidator.swift in Sources */ = {isa = PBXBuildFile; fileRef = B8DD94431EED85D4000F78D9 /* InputValidator.swift */; };
		B8EF0BAF1EFA23A6005ACA0C /* Constants.swift in Sources */ = {isa = PBXBuildFile; fileRef = B8EF0BAE1EFA23A6005ACA0C /* Constants.swift */; };
		B8FBD3181F0135F300C146F0 /* Book.swift in Sources */ = {isa = PBXBuildFile; fileRef = B8FBD3171F0135F300C146F0 /* Book.swift */; };
/* End PBXBuildFile section */

/* Begin PBXContainerItemProxy section */
		B816A35D1EE597D000B2C97A /* PBXContainerItemProxy */ = {
			isa = PBXContainerItemProxy;
			containerPortal = B816A3401EE597D000B2C97A /* Project object */;
			proxyType = 1;
			remoteGlobalIDString = B816A3471EE597D000B2C97A;
			remoteInfo = LogInDemo;
		};
/* End PBXContainerItemProxy section */

/* Begin PBXFileReference section */
		81074D711861057FE1075D90 /* Pods-LogInDemo.release.xcconfig */ = {isa = PBXFileReference; includeInIndex = 1; lastKnownFileType = text.xcconfig; name = "Pods-LogInDemo.release.xcconfig"; path = "Pods/Target Support Files/Pods-LogInDemo/Pods-LogInDemo.release.xcconfig"; sourceTree = "<group>"; };
		819B8F7D330DB47347A20889 /* Pods_LogInDemo.framework */ = {isa = PBXFileReference; explicitFileType = wrapper.framework; includeInIndex = 0; path = Pods_LogInDemo.framework; sourceTree = BUILT_PRODUCTS_DIR; };
		89A09527CCF0B9EAAFF8CCDE /* Pods-LogInDemo.debug.xcconfig */ = {isa = PBXFileReference; includeInIndex = 1; lastKnownFileType = text.xcconfig; name = "Pods-LogInDemo.debug.xcconfig"; path = "Pods/Target Support Files/Pods-LogInDemo/Pods-LogInDemo.debug.xcconfig"; sourceTree = "<group>"; };
		B816A3481EE597D000B2C97A /* LogInDemo.app */ = {isa = PBXFileReference; explicitFileType = wrapper.application; includeInIndex = 0; path = LogInDemo.app; sourceTree = BUILT_PRODUCTS_DIR; };
		B816A34B1EE597D000B2C97A /* AppDelegate.swift */ = {isa = PBXFileReference; lastKnownFileType = sourcecode.swift; path = AppDelegate.swift; sourceTree = "<group>"; };
		B816A34D1EE597D000B2C97A /* LogInViewController.swift */ = {isa = PBXFileReference; lastKnownFileType = sourcecode.swift; path = LogInViewController.swift; sourceTree = "<group>"; };
		B816A3501EE597D000B2C97A /* Base */ = {isa = PBXFileReference; lastKnownFileType = file.storyboard; name = Base; path = Base.lproj/Main.storyboard; sourceTree = "<group>"; };
		B816A3521EE597D000B2C97A /* Assets.xcassets */ = {isa = PBXFileReference; lastKnownFileType = folder.assetcatalog; path = Assets.xcassets; sourceTree = "<group>"; };
		B816A3551EE597D000B2C97A /* Base */ = {isa = PBXFileReference; lastKnownFileType = file.storyboard; name = Base; path = Base.lproj/LaunchScreen.storyboard; sourceTree = "<group>"; };
		B816A3571EE597D000B2C97A /* Info.plist */ = {isa = PBXFileReference; lastKnownFileType = text.plist.xml; path = Info.plist; sourceTree = "<group>"; };
		B816A35C1EE597D000B2C97A /* LogInDemoTests.xctest */ = {isa = PBXFileReference; explicitFileType = wrapper.cfbundle; includeInIndex = 0; path = LogInDemoTests.xctest; sourceTree = BUILT_PRODUCTS_DIR; };
		B816A3601EE597D000B2C97A /* LogInDemoTests.swift */ = {isa = PBXFileReference; lastKnownFileType = sourcecode.swift; path = LogInDemoTests.swift; sourceTree = "<group>"; };
		B816A3621EE597D000B2C97A /* Info.plist */ = {isa = PBXFileReference; lastKnownFileType = text.plist.xml; path = Info.plist; sourceTree = "<group>"; };
		B88BD5CC1EF6C06900112DC9 /* BookListTableViewController.swift */ = {isa = PBXFileReference; fileEncoding = 4; lastKnownFileType = sourcecode.swift; path = BookListTableViewController.swift; sourceTree = "<group>"; };
		B8CDC3511EEE8E0900C04666 /* LogInDemo-Bridging-Header.h */ = {isa = PBXFileReference; lastKnownFileType = sourcecode.c.h; path = "LogInDemo-Bridging-Header.h"; sourceTree = "<group>"; };
		B8CDC3521EEE8E0900C04666 /* GoogleSignInBridgingHeader.m */ = {isa = PBXFileReference; fileEncoding = 4; lastKnownFileType = sourcecode.c.objc; name = GoogleSignInBridgingHeader.m; path = ../GoogleSignInBridgingHeader.m; sourceTree = "<group>"; };
		B8DD94341EEC272B000F78D9 /* GoogleService-Info.plist */ = {isa = PBXFileReference; fileEncoding = 4; lastKnownFileType = text.plist.xml; path = "GoogleService-Info.plist"; sourceTree = "<group>"; };
		B8DD94381EED42BB000F78D9 /* LogInDemo.entitlements */ = {isa = PBXFileReference; lastKnownFileType = text.plist.entitlements; path = LogInDemo.entitlements; sourceTree = "<group>"; };
		B8DD943F1EED73A3000F78D9 /* User.swift */ = {isa = PBXFileReference; fileEncoding = 4; lastKnownFileType = sourcecode.swift; path = User.swift; sourceTree = "<group>"; };
		B8DD94431EED85D4000F78D9 /* InputValidator.swift */ = {isa = PBXFileReference; fileEncoding = 4; lastKnownFileType = sourcecode.swift; path = InputValidator.swift; sourceTree = "<group>"; };
		B8EF0BAE1EFA23A6005ACA0C /* Constants.swift */ = {isa = PBXFileReference; fileEncoding = 4; lastKnownFileType = sourcecode.swift; path = Constants.swift; sourceTree = "<group>"; };
		B8FBD3171F0135F300C146F0 /* Book.swift */ = {isa = PBXFileReference; fileEncoding = 4; lastKnownFileType = sourcecode.swift; path = Book.swift; sourceTree = "<group>"; };
/* End PBXFileReference section */

/* Begin PBXFrameworksBuildPhase section */
		B816A3451EE597D000B2C97A /* Frameworks */ = {
			isa = PBXFrameworksBuildPhase;
			buildActionMask = 2147483647;
			files = (
				A3C106165A4BC519C2EE3E6A /* Pods_LogInDemo.framework in Frameworks */,
			);
			runOnlyForDeploymentPostprocessing = 0;
		};
		B816A3591EE597D000B2C97A /* Frameworks */ = {
			isa = PBXFrameworksBuildPhase;
			buildActionMask = 2147483647;
			files = (
			);
			runOnlyForDeploymentPostprocessing = 0;
		};
/* End PBXFrameworksBuildPhase section */

/* Begin PBXGroup section */
		2D2CB381C8BDF35C47F71C59 /* Frameworks */ = {
			isa = PBXGroup;
			children = (
				819B8F7D330DB47347A20889 /* Pods_LogInDemo.framework */,
			);
			name = Frameworks;
			sourceTree = "<group>";
		};
		87925935EF321BDE3C9E9467 /* Pods */ = {
			isa = PBXGroup;
			children = (
				89A09527CCF0B9EAAFF8CCDE /* Pods-LogInDemo.debug.xcconfig */,
				81074D711861057FE1075D90 /* Pods-LogInDemo.release.xcconfig */,
			);
			name = Pods;
			sourceTree = "<group>";
		};
		B816A33F1EE597D000B2C97A = {
			isa = PBXGroup;
			children = (
				B816A34A1EE597D000B2C97A /* LogInDemo */,
				B816A35F1EE597D000B2C97A /* LogInDemoTests */,
				B816A3491EE597D000B2C97A /* Products */,
				87925935EF321BDE3C9E9467 /* Pods */,
				2D2CB381C8BDF35C47F71C59 /* Frameworks */,
				B8CDC3511EEE8E0900C04666 /* LogInDemo-Bridging-Header.h */,
			);
			sourceTree = "<group>";
		};
		B816A3491EE597D000B2C97A /* Products */ = {
			isa = PBXGroup;
			children = (
				B816A3481EE597D000B2C97A /* LogInDemo.app */,
				B816A35C1EE597D000B2C97A /* LogInDemoTests.xctest */,
			);
			name = Products;
			sourceTree = "<group>";
		};
		B816A34A1EE597D000B2C97A /* LogInDemo */ = {
			isa = PBXGroup;
			children = (
				B8EF0BAD1EFA2397005ACA0C /* Constant */,
				B8DD94421EED85B9000F78D9 /* Validation */,
				B8DD943E1EED7388000F78D9 /* Controller */,
				B8DD943D1EED737D000F78D9 /* Model */,
				B8DD94411EED73B3000F78D9 /* Storyboard Files */,
				B8DD943C1EED7236000F78D9 /* Supporting Files */,
			);
			path = LogInDemo;
			sourceTree = "<group>";
		};
		B816A35F1EE597D000B2C97A /* LogInDemoTests */ = {
			isa = PBXGroup;
			children = (
				B816A3601EE597D000B2C97A /* LogInDemoTests.swift */,
				B816A3621EE597D000B2C97A /* Info.plist */,
			);
			path = LogInDemoTests;
			sourceTree = "<group>";
		};
		B8DD943C1EED7236000F78D9 /* Supporting Files */ = {
			isa = PBXGroup;
			children = (
				B8CDC3521EEE8E0900C04666 /* GoogleSignInBridgingHeader.m */,
				B8DD94381EED42BB000F78D9 /* LogInDemo.entitlements */,
				B816A34B1EE597D000B2C97A /* AppDelegate.swift */,
				B816A3521EE597D000B2C97A /* Assets.xcassets */,
				B816A3571EE597D000B2C97A /* Info.plist */,
				B8DD94341EEC272B000F78D9 /* GoogleService-Info.plist */,
			);
			name = "Supporting Files";
			sourceTree = "<group>";
		};
		B8DD943D1EED737D000F78D9 /* Model */ = {
			isa = PBXGroup;
			children = (
				B8DD943F1EED73A3000F78D9 /* User.swift */,
				B8FBD3171F0135F300C146F0 /* Book.swift */,
			);
			name = Model;
			sourceTree = "<group>";
		};
		B8DD943E1EED7388000F78D9 /* Controller */ = {
			isa = PBXGroup;
			children = (
				B816A34D1EE597D000B2C97A /* LogInViewController.swift */,
				B88BD5CC1EF6C06900112DC9 /* BookListTableViewController.swift */,
			);
			name = Controller;
			sourceTree = "<group>";
		};
		B8DD94411EED73B3000F78D9 /* Storyboard Files */ = {
			isa = PBXGroup;
			children = (
				B816A3541EE597D000B2C97A /* LaunchScreen.storyboard */,
				B816A34F1EE597D000B2C97A /* Main.storyboard */,
			);
			name = "Storyboard Files";
			sourceTree = "<group>";
		};
		B8DD94421EED85B9000F78D9 /* Validation */ = {
			isa = PBXGroup;
			children = (
				B8DD94431EED85D4000F78D9 /* InputValidator.swift */,
			);
			name = Validation;
			sourceTree = "<group>";
		};
		B8EF0BAD1EFA2397005ACA0C /* Constant */ = {
			isa = PBXGroup;
			children = (
				B8EF0BAE1EFA23A6005ACA0C /* Constants.swift */,
			);
			name = Constant;
			sourceTree = "<group>";
		};
/* End PBXGroup section */

/* Begin PBXNativeTarget section */
		B816A3471EE597D000B2C97A /* LogInDemo */ = {
			isa = PBXNativeTarget;
			buildConfigurationList = B816A3651EE597D000B2C97A /* Build configuration list for PBXNativeTarget "LogInDemo" */;
			buildPhases = (
				E6F7A9F337922618B5D5DAB5 /* [CP] Check Pods Manifest.lock */,
				B816A3441EE597D000B2C97A /* Sources */,
				B816A3451EE597D000B2C97A /* Frameworks */,
				B816A3461EE597D000B2C97A /* Resources */,
				8797AED8396AEEC85E1E8CDF /* [CP] Embed Pods Frameworks */,
				9F09572D3E6F858BA54A4E71 /* [CP] Copy Pods Resources */,
			);
			buildRules = (
			);
			dependencies = (
			);
			name = LogInDemo;
			productName = LogInDemo;
			productReference = B816A3481EE597D000B2C97A /* LogInDemo.app */;
			productType = "com.apple.product-type.application";
		};
		B816A35B1EE597D000B2C97A /* LogInDemoTests */ = {
			isa = PBXNativeTarget;
			buildConfigurationList = B816A3681EE597D000B2C97A /* Build configuration list for PBXNativeTarget "LogInDemoTests" */;
			buildPhases = (
				B816A3581EE597D000B2C97A /* Sources */,
				B816A3591EE597D000B2C97A /* Frameworks */,
				B816A35A1EE597D000B2C97A /* Resources */,
			);
			buildRules = (
			);
			dependencies = (
				B816A35E1EE597D000B2C97A /* PBXTargetDependency */,
			);
			name = LogInDemoTests;
			productName = LogInDemoTests;
			productReference = B816A35C1EE597D000B2C97A /* LogInDemoTests.xctest */;
			productType = "com.apple.product-type.bundle.unit-test";
		};
/* End PBXNativeTarget section */

/* Begin PBXProject section */
		B816A3401EE597D000B2C97A /* Project object */ = {
			isa = PBXProject;
			attributes = {
				LastSwiftUpdateCheck = 0820;
				LastUpgradeCheck = 0820;
				ORGANIZATIONNAME = siwook;
				TargetAttributes = {
					B816A3471EE597D000B2C97A = {
						CreatedOnToolsVersion = 8.2.1;
						DevelopmentTeam = MFYH4C9VNG;
						LastSwiftMigration = 0820;
						ProvisioningStyle = Automatic;
						SystemCapabilities = {
							com.apple.Keychain = {
								enabled = 1;
							};
						};
					};
					B816A35B1EE597D000B2C97A = {
						CreatedOnToolsVersion = 8.2.1;
						DevelopmentTeam = MFYH4C9VNG;
						ProvisioningStyle = Automatic;
						TestTargetID = B816A3471EE597D000B2C97A;
					};
				};
			};
			buildConfigurationList = B816A3431EE597D000B2C97A /* Build configuration list for PBXProject "LogInDemo" */;
			compatibilityVersion = "Xcode 3.2";
			developmentRegion = English;
			hasScannedForEncodings = 0;
			knownRegions = (
				en,
				Base,
			);
			mainGroup = B816A33F1EE597D000B2C97A;
			productRefGroup = B816A3491EE597D000B2C97A /* Products */;
			projectDirPath = "";
			projectRoot = "";
			targets = (
				B816A3471EE597D000B2C97A /* LogInDemo */,
				B816A35B1EE597D000B2C97A /* LogInDemoTests */,
			);
		};
/* End PBXProject section */

/* Begin PBXResourcesBuildPhase section */
		B816A3461EE597D000B2C97A /* Resources */ = {
			isa = PBXResourcesBuildPhase;
			buildActionMask = 2147483647;
			files = (
				B816A3561EE597D000B2C97A /* LaunchScreen.storyboard in Resources */,
				B8DD94351EEC272B000F78D9 /* GoogleService-Info.plist in Resources */,
				B816A3531EE597D000B2C97A /* Assets.xcassets in Resources */,
				B816A3511EE597D000B2C97A /* Main.storyboard in Resources */,
			);
			runOnlyForDeploymentPostprocessing = 0;
		};
		B816A35A1EE597D000B2C97A /* Resources */ = {
			isa = PBXResourcesBuildPhase;
			buildActionMask = 2147483647;
			files = (
			);
			runOnlyForDeploymentPostprocessing = 0;
		};
/* End PBXResourcesBuildPhase section */

/* Begin PBXShellScriptBuildPhase section */
		8797AED8396AEEC85E1E8CDF /* [CP] Embed Pods Frameworks */ = {
			isa = PBXShellScriptBuildPhase;
			buildActionMask = 2147483647;
			files = (
			);
			inputPaths = (
			);
			name = "[CP] Embed Pods Frameworks";
			outputPaths = (
			);
			runOnlyForDeploymentPostprocessing = 0;
			shellPath = /bin/sh;
			shellScript = "\"${SRCROOT}/Pods/Target Support Files/Pods-LogInDemo/Pods-LogInDemo-frameworks.sh\"\n";
			showEnvVarsInLog = 0;
		};
		9F09572D3E6F858BA54A4E71 /* [CP] Copy Pods Resources */ = {
			isa = PBXShellScriptBuildPhase;
			buildActionMask = 2147483647;
			files = (
			);
			inputPaths = (
			);
			name = "[CP] Copy Pods Resources";
			outputPaths = (
			);
			runOnlyForDeploymentPostprocessing = 0;
			shellPath = /bin/sh;
			shellScript = "\"${SRCROOT}/Pods/Target Support Files/Pods-LogInDemo/Pods-LogInDemo-resources.sh\"\n";
			showEnvVarsInLog = 0;
		};
		E6F7A9F337922618B5D5DAB5 /* [CP] Check Pods Manifest.lock */ = {
			isa = PBXShellScriptBuildPhase;
			buildActionMask = 2147483647;
			files = (
			);
			inputPaths = (
			);
			name = "[CP] Check Pods Manifest.lock";
			outputPaths = (
			);
			runOnlyForDeploymentPostprocessing = 0;
			shellPath = /bin/sh;
			shellScript = "diff \"${PODS_ROOT}/../Podfile.lock\" \"${PODS_ROOT}/Manifest.lock\" > /dev/null\nif [ $? != 0 ] ; then\n    # print error to STDERR\n    echo \"error: The sandbox is not in sync with the Podfile.lock. Run 'pod install' or update your CocoaPods installation.\" >&2\n    exit 1\nfi\n";
			showEnvVarsInLog = 0;
		};
/* End PBXShellScriptBuildPhase section */

/* Begin PBXSourcesBuildPhase section */
		B816A3441EE597D000B2C97A /* Sources */ = {
			isa = PBXSourcesBuildPhase;
			buildActionMask = 2147483647;
			files = (
				B8FBD3181F0135F300C146F0 /* Book.swift in Sources */,
				B88BD5CD1EF6C06900112DC9 /* BookListTableViewController.swift in Sources */,
				B816A34E1EE597D000B2C97A /* LogInViewController.swift in Sources */,
				B816A34C1EE597D000B2C97A /* AppDelegate.swift in Sources */,
				B8DD94441EED85D4000F78D9 /* InputValidator.swift in Sources */,
				B8EF0BAF1EFA23A6005ACA0C /* Constants.swift in Sources */,
				B8CDC3531EEE8E0900C04666 /* GoogleSignInBridgingHeader.m in Sources */,
				B8DD94401EED73A3000F78D9 /* User.swift in Sources */,
			);
			runOnlyForDeploymentPostprocessing = 0;
		};
		B816A3581EE597D000B2C97A /* Sources */ = {
			isa = PBXSourcesBuildPhase;
			buildActionMask = 2147483647;
			files = (
				B816A3611EE597D000B2C97A /* LogInDemoTests.swift in Sources */,
			);
			runOnlyForDeploymentPostprocessing = 0;
		};
/* End PBXSourcesBuildPhase section */

/* Begin PBXTargetDependency section */
		B816A35E1EE597D000B2C97A /* PBXTargetDependency */ = {
			isa = PBXTargetDependency;
			target = B816A3471EE597D000B2C97A /* LogInDemo */;
			targetProxy = B816A35D1EE597D000B2C97A /* PBXContainerItemProxy */;
		};
/* End PBXTargetDependency section */

/* Begin PBXVariantGroup section */
		B816A34F1EE597D000B2C97A /* Main.storyboard */ = {
			isa = PBXVariantGroup;
			children = (
				B816A3501EE597D000B2C97A /* Base */,
			);
			name = Main.storyboard;
			sourceTree = "<group>";
		};
		B816A3541EE597D000B2C97A /* LaunchScreen.storyboard */ = {
			isa = PBXVariantGroup;
			children = (
				B816A3551EE597D000B2C97A /* Base */,
			);
			name = LaunchScreen.storyboard;
			sourceTree = "<group>";
		};
/* End PBXVariantGroup section */

/* Begin XCBuildConfiguration section */
		B816A3631EE597D000B2C97A /* Debug */ = {
			isa = XCBuildConfiguration;
			buildSettings = {
				ALWAYS_SEARCH_USER_PATHS = NO;
				CLANG_ANALYZER_NONNULL = YES;
				CLANG_CXX_LANGUAGE_STANDARD = "gnu++0x";
				CLANG_CXX_LIBRARY = "libc++";
				CLANG_ENABLE_MODULES = YES;
				CLANG_ENABLE_OBJC_ARC = YES;
				CLANG_WARN_BOOL_CONVERSION = YES;
				CLANG_WARN_CONSTANT_CONVERSION = YES;
				CLANG_WARN_DIRECT_OBJC_ISA_USAGE = YES_ERROR;
				CLANG_WARN_DOCUMENTATION_COMMENTS = YES;
				CLANG_WARN_EMPTY_BODY = YES;
				CLANG_WARN_ENUM_CONVERSION = YES;
				CLANG_WARN_INFINITE_RECURSION = YES;
				CLANG_WARN_INT_CONVERSION = YES;
				CLANG_WARN_OBJC_ROOT_CLASS = YES_ERROR;
				CLANG_WARN_SUSPICIOUS_MOVE = YES;
				CLANG_WARN_UNREACHABLE_CODE = YES;
				CLANG_WARN__DUPLICATE_METHOD_MATCH = YES;
				"CODE_SIGN_IDENTITY[sdk=iphoneos*]" = "iPhone Developer";
				COPY_PHASE_STRIP = NO;
				DEBUG_INFORMATION_FORMAT = dwarf;
				ENABLE_STRICT_OBJC_MSGSEND = YES;
				ENABLE_TESTABILITY = YES;
				GCC_C_LANGUAGE_STANDARD = gnu99;
				GCC_DYNAMIC_NO_PIC = NO;
				GCC_NO_COMMON_BLOCKS = YES;
				GCC_OPTIMIZATION_LEVEL = 0;
				GCC_PREPROCESSOR_DEFINITIONS = (
					"DEBUG=1",
					"$(inherited)",
				);
				GCC_WARN_64_TO_32_BIT_CONVERSION = YES;
				GCC_WARN_ABOUT_RETURN_TYPE = YES_ERROR;
				GCC_WARN_UNDECLARED_SELECTOR = YES;
				GCC_WARN_UNINITIALIZED_AUTOS = YES_AGGRESSIVE;
				GCC_WARN_UNUSED_FUNCTION = YES;
				GCC_WARN_UNUSED_VARIABLE = YES;
				IPHONEOS_DEPLOYMENT_TARGET = 10.2;
				MTL_ENABLE_DEBUG_INFO = YES;
				ONLY_ACTIVE_ARCH = YES;
				SDKROOT = iphoneos;
				SWIFT_ACTIVE_COMPILATION_CONDITIONS = DEBUG;
				SWIFT_OPTIMIZATION_LEVEL = "-Onone";
				TARGETED_DEVICE_FAMILY = "1,2";
			};
			name = Debug;
		};
		B816A3641EE597D000B2C97A /* Release */ = {
			isa = XCBuildConfiguration;
			buildSettings = {
				ALWAYS_SEARCH_USER_PATHS = NO;
				CLANG_ANALYZER_NONNULL = YES;
				CLANG_CXX_LANGUAGE_STANDARD = "gnu++0x";
				CLANG_CXX_LIBRARY = "libc++";
				CLANG_ENABLE_MODULES = YES;
				CLANG_ENABLE_OBJC_ARC = YES;
				CLANG_WARN_BOOL_CONVERSION = YES;
				CLANG_WARN_CONSTANT_CONVERSION = YES;
				CLANG_WARN_DIRECT_OBJC_ISA_USAGE = YES_ERROR;
				CLANG_WARN_DOCUMENTATION_COMMENTS = YES;
				CLANG_WARN_EMPTY_BODY = YES;
				CLANG_WARN_ENUM_CONVERSION = YES;
				CLANG_WARN_INFINITE_RECURSION = YES;
				CLANG_WARN_INT_CONVERSION = YES;
				CLANG_WARN_OBJC_ROOT_CLASS = YES_ERROR;
				CLANG_WARN_SUSPICIOUS_MOVE = YES;
				CLANG_WARN_UNREACHABLE_CODE = YES;
				CLANG_WARN__DUPLICATE_METHOD_MATCH = YES;
				"CODE_SIGN_IDENTITY[sdk=iphoneos*]" = "iPhone Developer";
				COPY_PHASE_STRIP = NO;
				DEBUG_INFORMATION_FORMAT = "dwarf-with-dsym";
				ENABLE_NS_ASSERTIONS = NO;
				ENABLE_STRICT_OBJC_MSGSEND = YES;
				GCC_C_LANGUAGE_STANDARD = gnu99;
				GCC_NO_COMMON_BLOCKS = YES;
				GCC_WARN_64_TO_32_BIT_CONVERSION = YES;
				GCC_WARN_ABOUT_RETURN_TYPE = YES_ERROR;
				GCC_WARN_UNDECLARED_SELECTOR = YES;
				GCC_WARN_UNINITIALIZED_AUTOS = YES_AGGRESSIVE;
				GCC_WARN_UNUSED_FUNCTION = YES;
				GCC_WARN_UNUSED_VARIABLE = YES;
				IPHONEOS_DEPLOYMENT_TARGET = 10.2;
				MTL_ENABLE_DEBUG_INFO = NO;
				SDKROOT = iphoneos;
				SWIFT_OPTIMIZATION_LEVEL = "-Owholemodule";
				TARGETED_DEVICE_FAMILY = "1,2";
				VALIDATE_PRODUCT = YES;
			};
			name = Release;
		};
		B816A3661EE597D000B2C97A /* Debug */ = {
			isa = XCBuildConfiguration;
			baseConfigurationReference = 89A09527CCF0B9EAAFF8CCDE /* Pods-LogInDemo.debug.xcconfig */;
			buildSettings = {
				ASSETCATALOG_COMPILER_APPICON_NAME = AppIcon;
				CLANG_ENABLE_MODULES = YES;
				CODE_SIGN_ENTITLEMENTS = LogInDemo/LogInDemo.entitlements;
				DEVELOPMENT_TEAM = MFYH4C9VNG;
				INFOPLIST_FILE = LogInDemo/Info.plist;
				LD_RUNPATH_SEARCH_PATHS = "$(inherited) @executable_path/Frameworks ~/Documents/FacebookSDK";
				PRODUCT_BUNDLE_IDENTIFIER = com.woogii.LogInDemo;
				PRODUCT_NAME = "$(TARGET_NAME)";
				SWIFT_OBJC_BRIDGING_HEADER = "LogInDemo-Bridging-Header.h";
				SWIFT_OPTIMIZATION_LEVEL = "-Onone";
				SWIFT_VERSION = 3.0;
			};
			name = Debug;
		};
		B816A3671EE597D000B2C97A /* Release */ = {
			isa = XCBuildConfiguration;
			baseConfigurationReference = 81074D711861057FE1075D90 /* Pods-LogInDemo.release.xcconfig */;
			buildSettings = {
				ASSETCATALOG_COMPILER_APPICON_NAME = AppIcon;
				CLANG_ENABLE_MODULES = YES;
				CODE_SIGN_ENTITLEMENTS = LogInDemo/LogInDemo.entitlements;
				DEVELOPMENT_TEAM = MFYH4C9VNG;
				INFOPLIST_FILE = LogInDemo/Info.plist;
				LD_RUNPATH_SEARCH_PATHS = "$(inherited) @executable_path/Frameworks ~/Documents/FacebookSDK";
				PRODUCT_BUNDLE_IDENTIFIER = com.woogii.LogInDemo;
				PRODUCT_NAME = "$(TARGET_NAME)";
				SWIFT_OBJC_BRIDGING_HEADER = "LogInDemo-Bridging-Header.h";
				SWIFT_VERSION = 3.0;
			};
			name = Release;
		};
		B816A3691EE597D000B2C97A /* Debug */ = {
			isa = XCBuildConfiguration;
			buildSettings = {
				ALWAYS_EMBED_SWIFT_STANDARD_LIBRARIES = YES;
				BUNDLE_LOADER = "$(TEST_HOST)";
				DEVELOPMENT_TEAM = MFYH4C9VNG;
				INFOPLIST_FILE = LogInDemoTests/Info.plist;
				LD_RUNPATH_SEARCH_PATHS = "$(inherited) @executable_path/Frameworks @loader_path/Frameworks";
				PRODUCT_BUNDLE_IDENTIFIER = com.woogii.LogInDemoTests;
				PRODUCT_NAME = "$(TARGET_NAME)";
				SWIFT_VERSION = 3.0;
				TEST_HOST = "$(BUILT_PRODUCTS_DIR)/LogInDemo.app/LogInDemo";
			};
			name = Debug;
		};
		B816A36A1EE597D000B2C97A /* Release */ = {
			isa = XCBuildConfiguration;
			buildSettings = {
				ALWAYS_EMBED_SWIFT_STANDARD_LIBRARIES = YES;
				BUNDLE_LOADER = "$(TEST_HOST)";
				DEVELOPMENT_TEAM = MFYH4C9VNG;
				INFOPLIST_FILE = LogInDemoTests/Info.plist;
				LD_RUNPATH_SEARCH_PATHS = "$(inherited) @executable_path/Frameworks @loader_path/Frameworks";
				PRODUCT_BUNDLE_IDENTIFIER = com.woogii.LogInDemoTests;
				PRODUCT_NAME = "$(TARGET_NAME)";
				SWIFT_VERSION = 3.0;
				TEST_HOST = "$(BUILT_PRODUCTS_DIR)/LogInDemo.app/LogInDemo";
			};
			name = Release;
		};
/* End XCBuildConfiguration section */

/* Begin XCConfigurationList section */
		B816A3431EE597D000B2C97A /* Build configuration list for PBXProject "LogInDemo" */ = {
			isa = XCConfigurationList;
			buildConfigurations = (
				B816A3631EE597D000B2C97A /* Debug */,
				B816A3641EE597D000B2C97A /* Release */,
			);
			defaultConfigurationIsVisible = 0;
			defaultConfigurationName = Release;
		};
		B816A3651EE597D000B2C97A /* Build configuration list for PBXNativeTarget "LogInDemo" */ = {
			isa = XCConfigurationList;
			buildConfigurations = (
				B816A3661EE597D000B2C97A /* Debug */,
				B816A3671EE597D000B2C97A /* Release */,
			);
			defaultConfigurationIsVisible = 0;
			defaultConfigurationName = Release;
		};
		B816A3681EE597D000B2C97A /* Build configuration list for PBXNativeTarget "LogInDemoTests" */ = {
			isa = XCConfigurationList;
			buildConfigurations = (
				B816A3691EE597D000B2C97A /* Debug */,
				B816A36A1EE597D000B2C97A /* Release */,
			);
			defaultConfigurationIsVisible = 0;
			defaultConfigurationName = Release;
		};
/* End XCConfigurationList section */
	};
	rootObject = B816A3401EE597D000B2C97A /* Project object */;
}
